Microsoft Visual Studio Solution File, Format Version 12.00
# Visual Studio 2013
VisualStudioVersion = 12.0.31101.0
MinimumVisualStudioVersion = 10.0.40219.1
Project("{FAE04EC0-301F-11D3-BF4B-00C04F79EFBC}") = "SummaryDisplayMode", "SummaryDisplayMode\SummaryDisplayMode.csproj", "{A309228F-3023-4B32-BACC-7EED4160B9E5}"
EndProject
Global
	GlobalSection(SolutionConfigurationPlatforms) = preSolution
		Debug|Any CPU = Debug|Any CPU
		DebugTest_DoubleNativeDataSource|Any CPU = DebugTest_DoubleNativeDataSource|Any CPU
		DebugTest_FastDataSource_CheckResult|Any CPU = DebugTest_FastDataSource_CheckResult|Any CPU
		DebugTest_FastDataSource_SilentSwitch_CheckResult|Any CPU = DebugTest_FastDataSource_SilentSwitch_CheckResult|Any CPU
		DebugTest_FastDataSource_SilentSwitch|Any CPU = DebugTest_FastDataSource_SilentSwitch|Any CPU
		DebugTest|Any CPU = DebugTest|Any CPU
		Release|Any CPU = Release|Any CPU
	EndGlobalSection
	GlobalSection(ProjectConfigurationPlatforms) = postSolution
		{A309228F-3023-4B32-BACC-7EED4160B9E5}.Debug|Any CPU.ActiveCfg = Debug|Any CPU
		{A309228F-3023-4B32-BACC-7EED4160B9E5}.Debug|Any CPU.Build.0 = Debug|Any CPU
		{A309228F-3023-4B32-BACC-7EED4160B9E5}.DebugTest_DoubleNativeDataSource|Any CPU.ActiveCfg = Debug|Any CPU
		{A309228F-3023-4B32-BACC-7EED4160B9E5}.DebugTest_DoubleNativeDataSource|Any CPU.Build.0 = Debug|Any CPU
		{A309228F-3023-4B32-BACC-7EED4160B9E5}.DebugTest_FastDataSource_CheckResult|Any CPU.ActiveCfg = Debug|Any CPU
		{A309228F-3023-4B32-BACC-7EED4160B9E5}.DebugTest_FastDataSource_CheckResult|Any CPU.Build.0 = Debug|Any CPU
		{A309228F-3023-4B32-BACC-7EED4160B9E5}.DebugTest_FastDataSource_SilentSwitch_CheckResult|Any CPU.ActiveCfg = Debug|Any CPU
		{A309228F-3023-4B32-BACC-7EED4160B9E5}.DebugTest_FastDataSource_SilentSwitch_CheckResult|Any CPU.Build.0 = Debug|Any CPU
		{A309228F-3023-4B32-BACC-7EED4160B9E5}.DebugTest_FastDataSource_SilentSwitch|Any CPU.ActiveCfg = Debug|Any CPU
		{A309228F-3023-4B32-BACC-7EED4160B9E5}.DebugTest_FastDataSource_SilentSwitch|Any CPU.Build.0 = Debug|Any CPU
		{A309228F-3023-4B32-BACC-7EED4160B9E5}.DebugTest|Any CPU.ActiveCfg = Debug|Any CPU
		{A309228F-3023-4B32-BACC-7EED4160B9E5}.DebugTest|Any CPU.Build.0 = Debug|Any CPU
		{A309228F-3023-4B32-BACC-7EED4160B9E5}.Release|Any CPU.ActiveCfg = Release|Any CPU
		{A309228F-3023-4B32-BACC-7EED4160B9E5}.Release|Any CPU.Build.0 = Release|Any CPU
	EndGlobalSection
	GlobalSection(SolutionProperties) = preSolution
		HideSolutionNode = FALSE
	EndGlobalSection
EndGlobal
